
Microsoft Visual Studio Solution File, Format Version 12.00
# Visual Studio Version 16
VisualStudioVersion = 16.0.31321.278
MinimumVisualStudioVersion = 10.0.40219.1
Project("{FAE04EC0-301F-11D3-BF4B-00C04F79EFBC}") = "FigureAreaCalculator", "FigureAreaCalculator\FigureAreaCalculator.csproj", "{00C38551-599E-4695-A093-6B71B867BBA9}"
EndProject
Project("{FAE04EC0-301F-11D3-BF4B-00C04F79EFBC}") = "FigureAreaCalculatorTests", "AreaCalcTests\FigureAreaCalculatorTests.csproj", "{D0995783-3AF9-4763-8027-B2EC0E6BA473}"
EndProject
Project("{FAE04EC0-301F-11D3-BF4B-00C04F79EFBC}") = "ConsoleApp", "Console\ConsoleApp.csproj", "{AFC87F6C-365E-496E-98B5-DAEBBC18F240}"
EndProject
Global
	GlobalSection(SolutionConfigurationPlatforms) = preSolution
		Debug|Any CPU = Debug|Any CPU
		Release|Any CPU = Release|Any CPU
	EndGlobalSection
	GlobalSection(ProjectConfigurationPlatforms) = postSolution
		{00C38551-599E-4695-A093-6B71B867BBA9}.Debug|Any CPU.ActiveCfg = Debug|Any CPU
		{00C38551-599E-4695-A093-6B71B867BBA9}.Debug|Any CPU.Build.0 = Debug|Any CPU
		{00C38551-599E-4695-A093-6B71B867BBA9}.Release|Any CPU.ActiveCfg = Release|Any CPU
		{00C38551-599E-4695-A093-6B71B867BBA9}.Release|Any CPU.Build.0 = Release|Any CPU
		{D0995783-3AF9-4763-8027-B2EC0E6BA473}.Debug|Any CPU.ActiveCfg = Debug|Any CPU
		{D0995783-3AF9-4763-8027-B2EC0E6BA473}.Debug|Any CPU.Build.0 = Debug|Any CPU
		{D0995783-3AF9-4763-8027-B2EC0E6BA473}.Release|Any CPU.ActiveCfg = Release|Any CPU
		{D0995783-3AF9-4763-8027-B2EC0E6BA473}.Release|Any CPU.Build.0 = Release|Any CPU
		{AFC87F6C-365E-496E-98B5-DAEBBC18F240}.Debug|Any CPU.ActiveCfg = Debug|Any CPU
		{AFC87F6C-365E-496E-98B5-DAEBBC18F240}.Debug|Any CPU.Build.0 = Debug|Any CPU
		{AFC87F6C-365E-496E-98B5-DAEBBC18F240}.Release|Any CPU.ActiveCfg = Release|Any CPU
		{AFC87F6C-365E-496E-98B5-DAEBBC18F240}.Release|Any CPU.Build.0 = Release|Any CPU
	EndGlobalSection
	GlobalSection(SolutionProperties) = preSolution
		HideSolutionNode = FALSE
	EndGlobalSection
	GlobalSection(ExtensibilityGlobals) = postSolution
		SolutionGuid = {72B100FC-67F5-4919-A057-8597CAE37862}
	EndGlobalSection
EndGlobal
